
Microsoft Visual Studio Solution File, Format Version 12.00
# Visual Studio Version 17
VisualStudioVersion = 17.2.32519.379
MinimumVisualStudioVersion = 10.0.40219.1
Project("{8BC9CEB8-8B4A-11D0-8D11-00A0C91BC942}") = "SpectralSensor", "SpectralSensor\SpectralSensor.vcxproj", "{B51AE60D-2198-430B-B076-6E86E938D610}"
EndProject
Global
	GlobalSection(SolutionConfigurationPlatforms) = preSolution
		Debug|x64 = Debug|x64
		Debug|x86 = Debug|x86
		Release|x64 = Release|x64
		Release|x86 = Release|x86
	EndGlobalSection
	GlobalSection(ProjectConfigurationPlatforms) = postSolution
		{B51AE60D-2198-430B-B076-6E86E938D610}.Debug|x64.ActiveCfg = Debug|x64
		{B51AE60D-2198-430B-B076-6E86E938D610}.Debug|x64.Build.0 = Debug|x64
		{B51AE60D-2198-430B-B076-6E86E938D610}.Debug|x86.ActiveCfg = Debug|Win32
		{B51AE60D-2198-430B-B076-6E86E938D610}.Debug|x86.Build.0 = Debug|Win32
		{B51AE60D-2198-430B-B076-6E86E938D610}.Release|x64.ActiveCfg = Release|x64
		{B51AE60D-2198-430B-B076-6E86E938D610}.Release|x64.Build.0 = Release|x64
		{B51AE60D-2198-430B-B076-6E86E938D610}.Release|x86.ActiveCfg = Release|Win32
		{B51AE60D-2198-430B-B076-6E86E938D610}.Release|x86.Build.0 = Release|Win32
	EndGlobalSection
	GlobalSection(SolutionProperties) = preSolution
		HideSolutionNode = FALSE
	EndGlobalSection
	GlobalSection(ExtensibilityGlobals) = postSolution
		SolutionGuid = {9DD2F7A6-0EC2-44C2-8A51-837D4EBDAADB}
	EndGlobalSection
EndGlobal
